
Microsoft Visual Studio Solution File, Format Version 12.00
# Visual Studio Version 16
VisualStudioVersion = 16.0.30406.217
MinimumVisualStudioVersion = 10.0.40219.1
Project("{9A19103F-16F7-4668-BE54-9A1E7A4F7556}") = "2222", "2222\2222.csproj", "{A8E6ABE5-6D81-4B99-9BD3-E6F9EA015288}"
EndProject
Project("{FAE04EC0-301F-11D3-BF4B-00C04F79EFBC}") = "GenticTSP", "..\GenticTSP\GenticTSP\GenticTSP.csproj", "{8693D3E5-AC2B-41BD-BACB-E215FE00C9BE}"
EndProject
Project("{FAE04EC0-301F-11D3-BF4B-00C04F79EFBC}") = "TSP", "..\TSP\TSP\TSP.csproj", "{39353C5D-29B9-4BE2-90E6-E37F4DB83BE2}"
EndProject
Project("{9A19103F-16F7-4668-BE54-9A1E7A4F7556}") = "钢条切割问题_递归实现", "Gene\钢条切割问题_递归实现.csproj", "{EF3DEB98-9177-4444-B9F4-C4B791916B16}"
EndProject
Project("{9A19103F-16F7-4668-BE54-9A1E7A4F7556}") = "钢条切割问题_带备忘的自顶向下法_动态规划_", "钢条切割问题_带备忘的自顶向下法_动态规划_\钢条切割问题_带备忘的自顶向下法_动态规划_.csproj", "{3BAAC199-DF5C-41EA-BCE6-1FC42E33C651}"
EndProject
Project("{9A19103F-16F7-4668-BE54-9A1E7A4F7556}") = "钢条切割问题_自底向上法_动态规划算法_", "钢条切割问题_自底向上法_动态规划算法_\钢条切割问题_自底向上法_动态规划算法_.csproj", "{C6495AF9-A6EA-4ABD-93AE-07FEB218A885}"
EndProject
Project("{9A19103F-16F7-4668-BE54-9A1E7A4F7556}") = "_01背包问题_穷举法", "_01背包问题_穷举法\_01背包问题_穷举法.csproj", "{9A12E749-5640-44C3-B9F6-26AE97179313}"
EndProject
Project("{9A19103F-16F7-4668-BE54-9A1E7A4F7556}") = "_01背包问题_递归实现_不带备忘的自顶向下法_", "_01背包问题_递归实现_不带备忘的自顶向下法_\_01背包问题_递归实现_不带备忘的自顶向下法_.csproj", "{CE5E22A8-EB5A-45AA-AF13-210BF4152268}"
EndProject
Project("{9A19103F-16F7-4668-BE54-9A1E7A4F7556}") = "_01背包问题_递归实现_带备忘的自顶向下法_", "_01背包问题_递归实现_带备忘的自顶向下法_\_01背包问题_递归实现_带备忘的自顶向下法_.csproj", "{AC30A66F-A70E-4464-B0CE-A5B15F080A3A}"
EndProject
Project("{9A19103F-16F7-4668-BE54-9A1E7A4F7556}") = "_01背包问题_自底向上法_动态规划_", "_01背包问题_自底向上法_动态规划_\_01背包问题_自底向上法_动态规划_.csproj", "{45501102-4688-4D4D-BE4C-420BE85BC0A2}"
EndProject
Project("{9A19103F-16F7-4668-BE54-9A1E7A4F7556}") = "活动选择问题_动态规划思路_自底向上_", "活动选择问题_动态规划思路_自底向上_\活动选择问题_动态规划思路_自底向上_.csproj", "{0536ACA8-591E-40D1-A5E3-9FFEBFBDBF62}"
EndProject
Project("{9A19103F-16F7-4668-BE54-9A1E7A4F7556}") = "活动选择问题_贪心算法_递归解决_", "活动选择问题_贪心算法_递归解决_\活动选择问题_贪心算法_递归解决_.csproj", "{F852CF33-CD42-49CA-B833-117BA4F38BEC}"
EndProject
Project("{9A19103F-16F7-4668-BE54-9A1E7A4F7556}") = "活动选择问题_贪心算法_迭代解决_", "活动选择问题_贪心算法_迭代解决_\活动选择问题_贪心算法_迭代解决_.csproj", "{9A0F122F-D282-4D3B-B1B7-CEEBF0FFF1BB}"
EndProject
Project("{9A19103F-16F7-4668-BE54-9A1E7A4F7556}") = "钱币找零问题_贪心算法", "钱币找零问题_贪心算法\钱币找零问题_贪心算法.csproj", "{EA0DFA74-9120-41C5-81D0-D25280521D29}"
EndProject
Project("{9A19103F-16F7-4668-BE54-9A1E7A4F7556}") = "GeneticAlgorithm", "GeneticAlgorithm\GeneticAlgorithm.csproj", "{BEC87F1C-2266-4AE7-8BAD-EB7F656CBDEF}"
EndProject
Project("{FAE04EC0-301F-11D3-BF4B-00C04F79EFBC}") = "Backtracking algorithm", "Backtracking algorithm\Backtracking algorithm.csproj", "{36CDEC4E-E4AC-4EDF-9607-B1F3395689C3}"
EndProject
Project("{FAE04EC0-301F-11D3-BF4B-00C04F79EFBC}") = "最大子数组问题_暴力求解", "最大子数组问题_暴力求解\最大子数组问题_暴力求解.csproj", "{70A2A580-B703-42CD-916D-6B2AA9CAF4E3}"
EndProject
Project("{FAE04EC0-301F-11D3-BF4B-00C04F79EFBC}") = "最大子数组问题_分治法", "最大子数组问题_分治法\最大子数组问题_分治法.csproj", "{0B0E071C-B4C1-40FC-93C9-9A5971F4045F}"
EndProject
Global
	GlobalSection(SolutionConfigurationPlatforms) = preSolution
		Debug|Any CPU = Debug|Any CPU
		Debug|x86 = Debug|x86
		Release|Any CPU = Release|Any CPU
		Release|x86 = Release|x86
	EndGlobalSection
	GlobalSection(ProjectConfigurationPlatforms) = postSolution
		{A8E6ABE5-6D81-4B99-9BD3-E6F9EA015288}.Debug|Any CPU.ActiveCfg = Debug|Any CPU
		{A8E6ABE5-6D81-4B99-9BD3-E6F9EA015288}.Debug|Any CPU.Build.0 = Debug|Any CPU
		{A8E6ABE5-6D81-4B99-9BD3-E6F9EA015288}.Debug|x86.ActiveCfg = Debug|Any CPU
		{A8E6ABE5-6D81-4B99-9BD3-E6F9EA015288}.Debug|x86.Build.0 = Debug|Any CPU
		{A8E6ABE5-6D81-4B99-9BD3-E6F9EA015288}.Release|Any CPU.ActiveCfg = Release|Any CPU
		{A8E6ABE5-6D81-4B99-9BD3-E6F9EA015288}.Release|Any CPU.Build.0 = Release|Any CPU
		{A8E6ABE5-6D81-4B99-9BD3-E6F9EA015288}.Release|x86.ActiveCfg = Release|Any CPU
		{A8E6ABE5-6D81-4B99-9BD3-E6F9EA015288}.Release|x86.Build.0 = Release|Any CPU
		{8693D3E5-AC2B-41BD-BACB-E215FE00C9BE}.Debug|Any CPU.ActiveCfg = Debug|x86
		{8693D3E5-AC2B-41BD-BACB-E215FE00C9BE}.Debug|x86.ActiveCfg = Debug|x86
		{8693D3E5-AC2B-41BD-BACB-E215FE00C9BE}.Debug|x86.Build.0 = Debug|x86
		{8693D3E5-AC2B-41BD-BACB-E215FE00C9BE}.Release|Any CPU.ActiveCfg = Release|x86
		{8693D3E5-AC2B-41BD-BACB-E215FE00C9BE}.Release|x86.ActiveCfg = Release|x86
		{8693D3E5-AC2B-41BD-BACB-E215FE00C9BE}.Release|x86.Build.0 = Release|x86
		{39353C5D-29B9-4BE2-90E6-E37F4DB83BE2}.Debug|Any CPU.ActiveCfg = Debug|x86
		{39353C5D-29B9-4BE2-90E6-E37F4DB83BE2}.Debug|x86.ActiveCfg = Debug|x86
		{39353C5D-29B9-4BE2-90E6-E37F4DB83BE2}.Debug|x86.Build.0 = Debug|x86
		{39353C5D-29B9-4BE2-90E6-E37F4DB83BE2}.Release|Any CPU.ActiveCfg = Release|x86
		{39353C5D-29B9-4BE2-90E6-E37F4DB83BE2}.Release|x86.ActiveCfg = Release|x86
		{39353C5D-29B9-4BE2-90E6-E37F4DB83BE2}.Release|x86.Build.0 = Release|x86
		{EF3DEB98-9177-4444-B9F4-C4B791916B16}.Debug|Any CPU.ActiveCfg = Debug|Any CPU
		{EF3DEB98-9177-4444-B9F4-C4B791916B16}.Debug|Any CPU.Build.0 = Debug|Any CPU
		{EF3DEB98-9177-4444-B9F4-C4B791916B16}.Debug|x86.ActiveCfg = Debug|Any CPU
		{EF3DEB98-9177-4444-B9F4-C4B791916B16}.Debug|x86.Build.0 = Debug|Any CPU
		{EF3DEB98-9177-4444-B9F4-C4B791916B16}.Release|Any CPU.ActiveCfg = Release|Any CPU
		{EF3DEB98-9177-4444-B9F4-C4B791916B16}.Release|Any CPU.Build.0 = Release|Any CPU
		{EF3DEB98-9177-4444-B9F4-C4B791916B16}.Release|x86.ActiveCfg = Release|Any CPU
		{EF3DEB98-9177-4444-B9F4-C4B791916B16}.Release|x86.Build.0 = Release|Any CPU
		{3BAAC199-DF5C-41EA-BCE6-1FC42E33C651}.Debug|Any CPU.ActiveCfg = Debug|Any CPU
		{3BAAC199-DF5C-41EA-BCE6-1FC42E33C651}.Debug|Any CPU.Build.0 = Debug|Any CPU
		{3BAAC199-DF5C-41EA-BCE6-1FC42E33C651}.Debug|x86.ActiveCfg = Debug|Any CPU
		{3BAAC199-DF5C-41EA-BCE6-1FC42E33C651}.Debug|x86.Build.0 = Debug|Any CPU
		{3BAAC199-DF5C-41EA-BCE6-1FC42E33C651}.Release|Any CPU.ActiveCfg = Release|Any CPU
		{3BAAC199-DF5C-41EA-BCE6-1FC42E33C651}.Release|Any CPU.Build.0 = Release|Any CPU
		{3BAAC199-DF5C-41EA-BCE6-1FC42E33C651}.Release|x86.ActiveCfg = Release|Any CPU
		{3BAAC199-DF5C-41EA-BCE6-1FC42E33C651}.Release|x86.Build.0 = Release|Any CPU
		{C6495AF9-A6EA-4ABD-93AE-07FEB218A885}.Debug|Any CPU.ActiveCfg = Debug|Any CPU
		{C6495AF9-A6EA-4ABD-93AE-07FEB218A885}.Debug|Any CPU.Build.0 = Debug|Any CPU
		{C6495AF9-A6EA-4ABD-93AE-07FEB218A885}.Debug|x86.ActiveCfg = Debug|Any CPU
		{C6495AF9-A6EA-4ABD-93AE-07FEB218A885}.Debug|x86.Build.0 = Debug|Any CPU
		{C6495AF9-A6EA-4ABD-93AE-07FEB218A885}.Release|Any CPU.ActiveCfg = Release|Any CPU
		{C6495AF9-A6EA-4ABD-93AE-07FEB218A885}.Release|Any CPU.Build.0 = Release|Any CPU
		{C6495AF9-A6EA-4ABD-93AE-07FEB218A885}.Release|x86.ActiveCfg = Release|Any CPU
		{C6495AF9-A6EA-4ABD-93AE-07FEB218A885}.Release|x86.Build.0 = Release|Any CPU
		{9A12E749-5640-44C3-B9F6-26AE97179313}.Debug|Any CPU.ActiveCfg = Debug|Any CPU
		{9A12E749-5640-44C3-B9F6-26AE97179313}.Debug|Any CPU.Build.0 = Debug|Any CPU
		{9A12E749-5640-44C3-B9F6-26AE97179313}.Debug|x86.ActiveCfg = Debug|Any CPU
		{9A12E749-5640-44C3-B9F6-26AE97179313}.Debug|x86.Build.0 = Debug|Any CPU
		{9A12E749-5640-44C3-B9F6-26AE97179313}.Release|Any CPU.ActiveCfg = Release|Any CPU
		{9A12E749-5640-44C3-B9F6-26AE97179313}.Release|Any CPU.Build.0 = Release|Any CPU
		{9A12E749-5640-44C3-B9F6-26AE97179313}.Release|x86.ActiveCfg = Release|Any CPU
		{9A12E749-5640-44C3-B9F6-26AE97179313}.Release|x86.Build.0 = Release|Any CPU
		{CE5E22A8-EB5A-45AA-AF13-210BF4152268}.Debug|Any CPU.ActiveCfg = Debug|Any CPU
		{CE5E22A8-EB5A-45AA-AF13-210BF4152268}.Debug|Any CPU.Build.0 = Debug|Any CPU
		{CE5E22A8-EB5A-45AA-AF13-210BF4152268}.Debug|x86.ActiveCfg = Debug|Any CPU
		{CE5E22A8-EB5A-45AA-AF13-210BF4152268}.Debug|x86.Build.0 = Debug|Any CPU
		{CE5E22A8-EB5A-45AA-AF13-210BF4152268}.Release|Any CPU.ActiveCfg = Release|Any CPU
		{CE5E22A8-EB5A-45AA-AF13-210BF4152268}.Release|Any CPU.Build.0 = Release|Any CPU
		{CE5E22A8-EB5A-45AA-AF13-210BF4152268}.Release|x86.ActiveCfg = Release|Any CPU
		{CE5E22A8-EB5A-45AA-AF13-210BF4152268}.Release|x86.Build.0 = Release|Any CPU
		{AC30A66F-A70E-4464-B0CE-A5B15F080A3A}.Debug|Any CPU.ActiveCfg = Debug|Any CPU
		{AC30A66F-A70E-4464-B0CE-A5B15F080A3A}.Debug|Any CPU.Build.0 = Debug|Any CPU
		{AC30A66F-A70E-4464-B0CE-A5B15F080A3A}.Debug|x86.ActiveCfg = Debug|Any CPU
		{AC30A66F-A70E-4464-B0CE-A5B15F080A3A}.Debug|x86.Build.0 = Debug|Any CPU
		{AC30A66F-A70E-4464-B0CE-A5B15F080A3A}.Release|Any CPU.ActiveCfg = Release|Any CPU
		{AC30A66F-A70E-4464-B0CE-A5B15F080A3A}.Release|Any CPU.Build.0 = Release|Any CPU
		{AC30A66F-A70E-4464-B0CE-A5B15F080A3A}.Release|x86.ActiveCfg = Release|Any CPU
		{AC30A66F-A70E-4464-B0CE-A5B15F080A3A}.Release|x86.Build.0 = Release|Any CPU
		{45501102-4688-4D4D-BE4C-420BE85BC0A2}.Debug|Any CPU.ActiveCfg = Debug|Any CPU
		{45501102-4688-4D4D-BE4C-420BE85BC0A2}.Debug|Any CPU.Build.0 = Debug|Any CPU
		{45501102-4688-4D4D-BE4C-420BE85BC0A2}.Debug|x86.ActiveCfg = Debug|Any CPU
		{45501102-4688-4D4D-BE4C-420BE85BC0A2}.Debug|x86.Build.0 = Debug|Any CPU
		{45501102-4688-4D4D-BE4C-420BE85BC0A2}.Release|Any CPU.ActiveCfg = Release|Any CPU
		{45501102-4688-4D4D-BE4C-420BE85BC0A2}.Release|Any CPU.Build.0 = Release|Any CPU
		{45501102-4688-4D4D-BE4C-420BE85BC0A2}.Release|x86.ActiveCfg = Release|Any CPU
		{45501102-4688-4D4D-BE4C-420BE85BC0A2}.Release|x86.Build.0 = Release|Any CPU
		{0536ACA8-591E-40D1-A5E3-9FFEBFBDBF62}.Debug|Any CPU.ActiveCfg = Debug|Any CPU
		{0536ACA8-591E-40D1-A5E3-9FFEBFBDBF62}.Debug|Any CPU.Build.0 = Debug|Any CPU
		{0536ACA8-591E-40D1-A5E3-9FFEBFBDBF62}.Debug|x86.ActiveCfg = Debug|Any CPU
		{0536ACA8-591E-40D1-A5E3-9FFEBFBDBF62}.Debug|x86.Build.0 = Debug|Any CPU
		{0536ACA8-591E-40D1-A5E3-9FFEBFBDBF62}.Release|Any CPU.ActiveCfg = Release|Any CPU
		{0536ACA8-591E-40D1-A5E3-9FFEBFBDBF62}.Release|Any CPU.Build.0 = Release|Any CPU
		{0536ACA8-591E-40D1-A5E3-9FFEBFBDBF62}.Release|x86.ActiveCfg = Release|Any CPU
		{0536ACA8-591E-40D1-A5E3-9FFEBFBDBF62}.Release|x86.Build.0 = Release|Any CPU
		{F852CF33-CD42-49CA-B833-117BA4F38BEC}.Debug|Any CPU.ActiveCfg = Debug|Any CPU
		{F852CF33-CD42-49CA-B833-117BA4F38BEC}.Debug|Any CPU.Build.0 = Debug|Any CPU
		{F852CF33-CD42-49CA-B833-117BA4F38BEC}.Debug|x86.ActiveCfg = Debug|Any CPU
		{F852CF33-CD42-49CA-B833-117BA4F38BEC}.Debug|x86.Build.0 = Debug|Any CPU
		{F852CF33-CD42-49CA-B833-117BA4F38BEC}.Release|Any CPU.ActiveCfg = Release|Any CPU
		{F852CF33-CD42-49CA-B833-117BA4F38BEC}.Release|Any CPU.Build.0 = Release|Any CPU
		{F852CF33-CD42-49CA-B833-117BA4F38BEC}.Release|x86.ActiveCfg = Release|Any CPU
		{F852CF33-CD42-49CA-B833-117BA4F38BEC}.Release|x86.Build.0 = Release|Any CPU
		{9A0F122F-D282-4D3B-B1B7-CEEBF0FFF1BB}.Debug|Any CPU.ActiveCfg = Debug|Any CPU
		{9A0F122F-D282-4D3B-B1B7-CEEBF0FFF1BB}.Debug|Any CPU.Build.0 = Debug|Any CPU
		{9A0F122F-D282-4D3B-B1B7-CEEBF0FFF1BB}.Debug|x86.ActiveCfg = Debug|Any CPU
		{9A0F122F-D282-4D3B-B1B7-CEEBF0FFF1BB}.Debug|x86.Build.0 = Debug|Any CPU
		{9A0F122F-D282-4D3B-B1B7-CEEBF0FFF1BB}.Release|Any CPU.ActiveCfg = Release|Any CPU
		{9A0F122F-D282-4D3B-B1B7-CEEBF0FFF1BB}.Release|Any CPU.Build.0 = Release|Any CPU
		{9A0F122F-D282-4D3B-B1B7-CEEBF0FFF1BB}.Release|x86.ActiveCfg = Release|Any CPU
		{9A0F122F-D282-4D3B-B1B7-CEEBF0FFF1BB}.Release|x86.Build.0 = Release|Any CPU
		{EA0DFA74-9120-41C5-81D0-D25280521D29}.Debug|Any CPU.ActiveCfg = Debug|Any CPU
		{EA0DFA74-9120-41C5-81D0-D25280521D29}.Debug|Any CPU.Build.0 = Debug|Any CPU
		{EA0DFA74-9120-41C5-81D0-D25280521D29}.Debug|x86.ActiveCfg = Debug|Any CPU
		{EA0DFA74-9120-41C5-81D0-D25280521D29}.Debug|x86.Build.0 = Debug|Any CPU
		{EA0DFA74-9120-41C5-81D0-D25280521D29}.Release|Any CPU.ActiveCfg = Release|Any CPU
		{EA0DFA74-9120-41C5-81D0-D25280521D29}.Release|Any CPU.Build.0 = Release|Any CPU
		{EA0DFA74-9120-41C5-81D0-D25280521D29}.Release|x86.ActiveCfg = Release|Any CPU
		{EA0DFA74-9120-41C5-81D0-D25280521D29}.Release|x86.Build.0 = Release|Any CPU
		{BEC87F1C-2266-4AE7-8BAD-EB7F656CBDEF}.Debug|Any CPU.ActiveCfg = Debug|Any CPU
		{BEC87F1C-2266-4AE7-8BAD-EB7F656CBDEF}.Debug|Any CPU.Build.0 = Debug|Any CPU
		{BEC87F1C-2266-4AE7-8BAD-EB7F656CBDEF}.Debug|x86.ActiveCfg = Debug|Any CPU
		{BEC87F1C-2266-4AE7-8BAD-EB7F656CBDEF}.Debug|x86.Build.0 = Debug|Any CPU
		{BEC87F1C-2266-4AE7-8BAD-EB7F656CBDEF}.Release|Any CPU.ActiveCfg = Release|Any CPU
		{BEC87F1C-2266-4AE7-8BAD-EB7F656CBDEF}.Release|Any CPU.Build.0 = Release|Any CPU
		{BEC87F1C-2266-4AE7-8BAD-EB7F656CBDEF}.Release|x86.ActiveCfg = Release|Any CPU
		{BEC87F1C-2266-4AE7-8BAD-EB7F656CBDEF}.Release|x86.Build.0 = Release|Any CPU
		{36CDEC4E-E4AC-4EDF-9607-B1F3395689C3}.Debug|Any CPU.ActiveCfg = Debug|Any CPU
		{36CDEC4E-E4AC-4EDF-9607-B1F3395689C3}.Debug|Any CPU.Build.0 = Debug|Any CPU
		{36CDEC4E-E4AC-4EDF-9607-B1F3395689C3}.Debug|x86.ActiveCfg = Debug|Any CPU
		{36CDEC4E-E4AC-4EDF-9607-B1F3395689C3}.Debug|x86.Build.0 = Debug|Any CPU
		{36CDEC4E-E4AC-4EDF-9607-B1F3395689C3}.Release|Any CPU.ActiveCfg = Release|Any CPU
		{36CDEC4E-E4AC-4EDF-9607-B1F3395689C3}.Release|Any CPU.Build.0 = Release|Any CPU
		{36CDEC4E-E4AC-4EDF-9607-B1F3395689C3}.Release|x86.ActiveCfg = Release|Any CPU
		{36CDEC4E-E4AC-4EDF-9607-B1F3395689C3}.Release|x86.Build.0 = Release|Any CPU
		{70A2A580-B703-42CD-916D-6B2AA9CAF4E3}.Debug|Any CPU.ActiveCfg = Debug|Any CPU
		{70A2A580-B703-42CD-916D-6B2AA9CAF4E3}.Debug|Any CPU.Build.0 = Debug|Any CPU
		{70A2A580-B703-42CD-916D-6B2AA9CAF4E3}.Debug|x86.ActiveCfg = Debug|Any CPU
		{70A2A580-B703-42CD-916D-6B2AA9CAF4E3}.Debug|x86.Build.0 = Debug|Any CPU
		{70A2A580-B703-42CD-916D-6B2AA9CAF4E3}.Release|Any CPU.ActiveCfg = Release|Any CPU
		{70A2A580-B703-42CD-916D-6B2AA9CAF4E3}.Release|Any CPU.Build.0 = Release|Any CPU
		{70A2A580-B703-42CD-916D-6B2AA9CAF4E3}.Release|x86.ActiveCfg = Release|Any CPU
		{70A2A580-B703-42CD-916D-6B2AA9CAF4E3}.Release|x86.Build.0 = Release|Any CPU
		{0B0E071C-B4C1-40FC-93C9-9A5971F4045F}.Debug|Any CPU.ActiveCfg = Debug|Any CPU
		{0B0E071C-B4C1-40FC-93C9-9A5971F4045F}.Debug|Any CPU.Build.0 = Debug|Any CPU
		{0B0E071C-B4C1-40FC-93C9-9A5971F4045F}.Debug|x86.ActiveCfg = Debug|Any CPU
		{0B0E071C-B4C1-40FC-93C9-9A5971F4045F}.Debug|x86.Build.0 = Debug|Any CPU
		{0B0E071C-B4C1-40FC-93C9-9A5971F4045F}.Release|Any CPU.ActiveCfg = Release|Any CPU
		{0B0E071C-B4C1-40FC-93C9-9A5971F4045F}.Release|Any CPU.Build.0 = Release|Any CPU
		{0B0E071C-B4C1-40FC-93C9-9A5971F4045F}.Release|x86.ActiveCfg = Release|Any CPU
		{0B0E071C-B4C1-40FC-93C9-9A5971F4045F}.Release|x86.Build.0 = Release|Any CPU
	EndGlobalSection
	GlobalSection(SolutionProperties) = preSolution
		HideSolutionNode = FALSE
	EndGlobalSection
	GlobalSection(ExtensibilityGlobals) = postSolution
		SolutionGuid = {EBB27483-ACF0-4E49-9B01-840488D39920}
	EndGlobalSection
EndGlobal
